
Microsoft Visual Studio Solution File, Format Version 12.00
# Visual Studio Version 17
VisualStudioVersion = 17.0.31903.59
MinimumVisualStudioVersion = 10.0.40219.1
Project("{9A19103F-16F7-4668-BE54-9A1E7A4F7556}") = "appEventos.Application", "appEventos.Application\appEventos.Application.csproj", "{8AB1E294-A8E0-4FA3-8F48-4B840076121D}"
EndProject
Project("{9A19103F-16F7-4668-BE54-9A1E7A4F7556}") = "appEventos.Repository", "appEventos.Persistence\appEventos.Repository.csproj", "{703AD9C3-7511-4F59-B22F-7EF25A292554}"
EndProject
Project("{9A19103F-16F7-4668-BE54-9A1E7A4F7556}") = "appEventos.Domain", "appEventos.Domain\appEventos.Domain.csproj", "{F017C26E-E808-480C-AFDD-9B27B1BEB713}"
EndProject
Project("{9A19103F-16F7-4668-BE54-9A1E7A4F7556}") = "appEventos.API", "appEventos.API\appEventos.API.csproj", "{7D294F49-1CCB-4A70-8AAE-30F55E186A2F}"
EndProject
Project("{2150E333-8FDC-42A3-9474-1A3956D46DE8}") = "Solution Items", "Solution Items", "{0B9029C1-99B9-47A8-9C9E-D0F655201013}"
	ProjectSection(SolutionItems) = preProject
		.editorconfig = .editorconfig
	EndProjectSection
EndProject
Global
	GlobalSection(SolutionConfigurationPlatforms) = preSolution
		Debug|Any CPU = Debug|Any CPU
		Release|Any CPU = Release|Any CPU
	EndGlobalSection
	GlobalSection(ProjectConfigurationPlatforms) = postSolution
		{8AB1E294-A8E0-4FA3-8F48-4B840076121D}.Debug|Any CPU.ActiveCfg = Debug|Any CPU
		{8AB1E294-A8E0-4FA3-8F48-4B840076121D}.Debug|Any CPU.Build.0 = Debug|Any CPU
		{8AB1E294-A8E0-4FA3-8F48-4B840076121D}.Release|Any CPU.ActiveCfg = Release|Any CPU
		{8AB1E294-A8E0-4FA3-8F48-4B840076121D}.Release|Any CPU.Build.0 = Release|Any CPU
		{703AD9C3-7511-4F59-B22F-7EF25A292554}.Debug|Any CPU.ActiveCfg = Debug|Any CPU
		{703AD9C3-7511-4F59-B22F-7EF25A292554}.Debug|Any CPU.Build.0 = Debug|Any CPU
		{703AD9C3-7511-4F59-B22F-7EF25A292554}.Release|Any CPU.ActiveCfg = Release|Any CPU
		{703AD9C3-7511-4F59-B22F-7EF25A292554}.Release|Any CPU.Build.0 = Release|Any CPU
		{F017C26E-E808-480C-AFDD-9B27B1BEB713}.Debug|Any CPU.ActiveCfg = Debug|Any CPU
		{F017C26E-E808-480C-AFDD-9B27B1BEB713}.Debug|Any CPU.Build.0 = Debug|Any CPU
		{F017C26E-E808-480C-AFDD-9B27B1BEB713}.Release|Any CPU.ActiveCfg = Release|Any CPU
		{F017C26E-E808-480C-AFDD-9B27B1BEB713}.Release|Any CPU.Build.0 = Release|Any CPU
		{7D294F49-1CCB-4A70-8AAE-30F55E186A2F}.Debug|Any CPU.ActiveCfg = Debug|Any CPU
		{7D294F49-1CCB-4A70-8AAE-30F55E186A2F}.Debug|Any CPU.Build.0 = Debug|Any CPU
		{7D294F49-1CCB-4A70-8AAE-30F55E186A2F}.Release|Any CPU.ActiveCfg = Release|Any CPU
		{7D294F49-1CCB-4A70-8AAE-30F55E186A2F}.Release|Any CPU.Build.0 = Release|Any CPU
	EndGlobalSection
	GlobalSection(SolutionProperties) = preSolution
		HideSolutionNode = FALSE
	EndGlobalSection
	GlobalSection(ExtensibilityGlobals) = postSolution
		SolutionGuid = {60691F20-7307-4F14-8CE1-970260ED53E9}
	EndGlobalSection
EndGlobal
